// !$*UTF8*$!
{
	archiveVersion = 1;
	classes = {
	};
	objectVersion = 51;
	objects = {

/* Begin PBXBuildFile section */
		0749FB51069975B60DE13C14 /* Pods_HEMPDAY.framework in Frameworks */ = {isa = PBXBuildFile; fileRef = 3359632F2932367BA9211C59 /* Pods_HEMPDAY.framework */; };
		8409C66825B58F5A005C1EBE /* Dispanseries.swift in Sources */ = {isa = PBXBuildFile; fileRef = 8409C66725B58F5A005C1EBE /* Dispanseries.swift */; };
		84156681258C6B19005F955F /* fetchJson.swift in Sources */ = {isa = PBXBuildFile; fileRef = 84156680258C6B19005F955F /* fetchJson.swift */; };
		84156683258C6B2B005F955F /* CheckNetwork.swift in Sources */ = {isa = PBXBuildFile; fileRef = 84156682258C6B2B005F955F /* CheckNetwork.swift */; };
		84156685258C6B3C005F955F /* Api Constant.swift in Sources */ = {isa = PBXBuildFile; fileRef = 84156684258C6B3C005F955F /* Api Constant.swift */; };
		84156687258C6B51005F955F /* Utility.swift in Sources */ = {isa = PBXBuildFile; fileRef = 84156686258C6B51005F955F /* Utility.swift */; };
		841B6F4925AF655000755C49 /* DispensariesMapVC.swift in Sources */ = {isa = PBXBuildFile; fileRef = 841B6F4825AF655000755C49 /* DispensariesMapVC.swift */; };
		84231D0525AF1C410099DD76 /* ShawmeMoreVC.swift in Sources */ = {isa = PBXBuildFile; fileRef = 84231D0425AF1C410099DD76 /* ShawmeMoreVC.swift */; };
		84231D0725AF1D2D0099DD76 /* shawmeMoreCell.swift in Sources */ = {isa = PBXBuildFile; fileRef = 84231D0625AF1D2D0099DD76 /* shawmeMoreCell.swift */; };
		84231D0925AF28C70099DD76 /* viewMatches.swift in Sources */ = {isa = PBXBuildFile; fileRef = 84231D0825AF28C70099DD76 /* viewMatches.swift */; };
		84278A3F2599CD0E00DB1BB7 /* ShawProductResultVC.swift in Sources */ = {isa = PBXBuildFile; fileRef = 84278A3E2599CD0E00DB1BB7 /* ShawProductResultVC.swift */; };
		8437AFC8273266690062DDE0 /* DemoProductListVC.swift in Sources */ = {isa = PBXBuildFile; fileRef = 8437AFC7273266690062DDE0 /* DemoProductListVC.swift */; };
		844B5A10258CDA0D00C0CA4E /* HempMatchesVC.swift in Sources */ = {isa = PBXBuildFile; fileRef = 844B5A0F258CDA0D00C0CA4E /* HempMatchesVC.swift */; };
		844B5A12258CDCCF00C0CA4E /* TakeQuizVC.swift in Sources */ = {isa = PBXBuildFile; fileRef = 844B5A11258CDCCF00C0CA4E /* TakeQuizVC.swift */; };
		844B5A14258CE09400C0CA4E /* QuizCell.swift in Sources */ = {isa = PBXBuildFile; fileRef = 844B5A13258CE09400C0CA4E /* QuizCell.swift */; };
		844B5A16258CF2D700C0CA4E /* HempMatcVC.swift in Sources */ = {isa = PBXBuildFile; fileRef = 844B5A15258CF2D700C0CA4E /* HempMatcVC.swift */; };
		845537B725D69EA500618B1F /* DropdownCell.swift in Sources */ = {isa = PBXBuildFile; fileRef = 845537B625D69EA500618B1F /* DropdownCell.swift */; };
		845537B925D70DE800618B1F /* WebKit.framework in Frameworks */ = {isa = PBXBuildFile; fileRef = 845537B825D70DE800618B1F /* WebKit.framework */; };
		846ADDD925DF9D3D002066ED /* ConnectCell.swift in Sources */ = {isa = PBXBuildFile; fileRef = 846ADDD725DF9D3D002066ED /* ConnectCell.swift */; };
		846ADDDA25DF9D3D002066ED /* ConnectCell.xib in Resources */ = {isa = PBXBuildFile; fileRef = 846ADDD825DF9D3D002066ED /* ConnectCell.xib */; };
		846B3AF02583AF2800556F69 /* HussarEkologiczne1-4Mj6.otf in Resources */ = {isa = PBXBuildFile; fileRef = 846B3AEF2583AF2800556F69 /* HussarEkologiczne1-4Mj6.otf */; };
		846B3AF22583AF3E00556F69 /* Bristol.otf in Resources */ = {isa = PBXBuildFile; fileRef = 846B3AF12583AF3E00556F69 /* Bristol.otf */; };
		84776C8926B00EDA007B3CB8 /* PickUpMapVC.swift in Sources */ = {isa = PBXBuildFile; fileRef = 84776C8826B00EDA007B3CB8 /* PickUpMapVC.swift */; };
		847990EA2594BE9500CF9CBA /* ResultVC.swift in Sources */ = {isa = PBXBuildFile; fileRef = 847990E92594BE9500CF9CBA /* ResultVC.swift */; };
		847990EE2594CFF100CF9CBA /* fetchData.swift in Sources */ = {isa = PBXBuildFile; fileRef = 847990ED2594CFF100CF9CBA /* fetchData.swift */; };
		8479F54725922C5500DB130B /* HomeViewCell.swift in Sources */ = {isa = PBXBuildFile; fileRef = 8479F54625922C5500DB130B /* HomeViewCell.swift */; };
		8479F5492592500C00DB130B /* QuizOptionCell.swift in Sources */ = {isa = PBXBuildFile; fileRef = 8479F5482592500C00DB130B /* QuizOptionCell.swift */; };
		8479F54C25925E4500DB130B /* QuizQuestion.swift in Sources */ = {isa = PBXBuildFile; fileRef = 8479F54B25925E4500DB130B /* QuizQuestion.swift */; };
		847C2D1425934736007B6E1E /* ProfileVC.swift in Sources */ = {isa = PBXBuildFile; fileRef = 847C2D1325934736007B6E1E /* ProfileVC.swift */; };
		847C2D1625934750007B6E1E /* ChangePasswordVC.swift in Sources */ = {isa = PBXBuildFile; fileRef = 847C2D1525934750007B6E1E /* ChangePasswordVC.swift */; };
		847C2D1925935AD0007B6E1E /* DispensariesVC.swift in Sources */ = {isa = PBXBuildFile; fileRef = 847C2D1825935AD0007B6E1E /* DispensariesVC.swift */; };
		847C2D1C25935EBB007B6E1E /* HempDayVC.swift in Sources */ = {isa = PBXBuildFile; fileRef = 847C2D1B25935EBB007B6E1E /* HempDayVC.swift */; };
		847C2D1E25936511007B6E1E /* DispensariesCell.swift in Sources */ = {isa = PBXBuildFile; fileRef = 847C2D1D25936511007B6E1E /* DispensariesCell.swift */; };
		8480F4372732A1FC00BC1FBB /* DemoProductTableViewCell.swift in Sources */ = {isa = PBXBuildFile; fileRef = 8480F4362732A1FC00BC1FBB /* DemoProductTableViewCell.swift */; };
		84811134259B408700D4FD26 /* ShareVC.swift in Sources */ = {isa = PBXBuildFile; fileRef = 84811133259B408700D4FD26 /* ShareVC.swift */; };
		84811137259B5E7800D4FD26 /* MyHempDayVC.swift in Sources */ = {isa = PBXBuildFile; fileRef = 84811136259B5E7800D4FD26 /* MyHempDayVC.swift */; };
		84844D1625829A3A00CE9E6B /* AppDelegate.swift in Sources */ = {isa = PBXBuildFile; fileRef = 84844D1525829A3A00CE9E6B /* AppDelegate.swift */; };
		84844D1825829A3A00CE9E6B /* SceneDelegate.swift in Sources */ = {isa = PBXBuildFile; fileRef = 84844D1725829A3A00CE9E6B /* SceneDelegate.swift */; };
		84844D1A25829A3A00CE9E6B /* ViewController.swift in Sources */ = {isa = PBXBuildFile; fileRef = 84844D1925829A3A00CE9E6B /* ViewController.swift */; };
		84844D1D25829A3A00CE9E6B /* Main.storyboard in Resources */ = {isa = PBXBuildFile; fileRef = 84844D1B25829A3A00CE9E6B /* Main.storyboard */; };
		84844D1F25829A5400CE9E6B /* Assets.xcassets in Resources */ = {isa = PBXBuildFile; fileRef = 84844D1E25829A5400CE9E6B /* Assets.xcassets */; };
		84844D2225829A5400CE9E6B /* LaunchScreen.storyboard in Resources */ = {isa = PBXBuildFile; fileRef = 84844D2025829A5400CE9E6B /* LaunchScreen.storyboard */; };
		84845D10258CB5B0001347DD /* imageUpload.swift in Sources */ = {isa = PBXBuildFile; fileRef = 84845D0F258CB5B0001347DD /* imageUpload.swift */; };
		8484E1E4258CA3DB000D5361 /* AgeVerifyVC.swift in Sources */ = {isa = PBXBuildFile; fileRef = 8484E1E3258CA3DB000D5361 /* AgeVerifyVC.swift */; };
		84865922258398C2001504EB /* LoginVC.swift in Sources */ = {isa = PBXBuildFile; fileRef = 84865921258398C2001504EB /* LoginVC.swift */; };
		84865924258398F0001504EB /* RegistrationVC.swift in Sources */ = {isa = PBXBuildFile; fileRef = 84865923258398F0001504EB /* RegistrationVC.swift */; };
		8486592625839900001504EB /* HomeVC.swift in Sources */ = {isa = PBXBuildFile; fileRef = 8486592525839900001504EB /* HomeVC.swift */; };
		848875FC2732C98B000C5E13 /* SelectLocationVC.swift in Sources */ = {isa = PBXBuildFile; fileRef = 848875FB2732C98B000C5E13 /* SelectLocationVC.swift */; };
		848875FE2732CA58000C5E13 /* SelectLocationTableViewCell.swift in Sources */ = {isa = PBXBuildFile; fileRef = 848875FD2732CA58000C5E13 /* SelectLocationTableViewCell.swift */; };
		848876002732CF77000C5E13 /* SelectLocationModel.swift in Sources */ = {isa = PBXBuildFile; fileRef = 848875FF2732CF77000C5E13 /* SelectLocationModel.swift */; };
		8489B4E2258B784D004BD9E2 /* CustomNavigationVC.swift in Sources */ = {isa = PBXBuildFile; fileRef = 8489B4E1258B784D004BD9E2 /* CustomNavigationVC.swift */; };
		848FB98226A03E6300C00EA7 /* PriceRangeVC.swift in Sources */ = {isa = PBXBuildFile; fileRef = 848FB98126A03E6300C00EA7 /* PriceRangeVC.swift */; };
		848FB98426A0557800C00EA7 /* ShawProductell.swift in Sources */ = {isa = PBXBuildFile; fileRef = 848FB98326A0557800C00EA7 /* ShawProductell.swift */; };
		848FB98626A05CFC00C00EA7 /* ShawProductModel.swift in Sources */ = {isa = PBXBuildFile; fileRef = 848FB98526A05CFC00C00EA7 /* ShawProductModel.swift */; };
		8494931925D27EF300EB68DA /* DispensariesDetailsVC.swift in Sources */ = {isa = PBXBuildFile; fileRef = 8494931825D27EF300EB68DA /* DispensariesDetailsVC.swift */; };
		8494931B25D2815200EB68DA /* DispensariesDetailsell.swift in Sources */ = {isa = PBXBuildFile; fileRef = 8494931A25D2815200EB68DA /* DispensariesDetailsell.swift */; };
		8494931D25D283C900EB68DA /* MainpostData.swift in Sources */ = {isa = PBXBuildFile; fileRef = 8494931C25D283C900EB68DA /* MainpostData.swift */; };
		84974B9A25A5B02000485127 /* PreviousMatchesVC.swift in Sources */ = {isa = PBXBuildFile; fileRef = 84974B9925A5B02000485127 /* PreviousMatchesVC.swift */; };
		84974B9C25A5B50300485127 /* PreviousMatchesCell.swift in Sources */ = {isa = PBXBuildFile; fileRef = 84974B9B25A5B50300485127 /* PreviousMatchesCell.swift */; };
		84974B9E25A5B8F100485127 /* PreviousMatches.swift in Sources */ = {isa = PBXBuildFile; fileRef = 84974B9D25A5B8F100485127 /* PreviousMatches.swift */; };
		849FEA4125B7421B0036D499 /* ReadMoreVC.swift in Sources */ = {isa = PBXBuildFile; fileRef = 849FEA4025B7421B0036D499 /* ReadMoreVC.swift */; };
		84B7E83426986273007DDF66 /* FingerPaintRegular400.ttf in Resources */ = {isa = PBXBuildFile; fileRef = 84B7E83326986272007DDF66 /* FingerPaintRegular400.ttf */; };
		84C1F98A259D95C5003D350E /* PostData.swift in Sources */ = {isa = PBXBuildFile; fileRef = 84C1F989259D95C5003D350E /* PostData.swift */; };
		84ECE87B27326D9800E154F2 /* DemoProductModel.swift in Sources */ = {isa = PBXBuildFile; fileRef = 84ECE87A27326D9800E154F2 /* DemoProductModel.swift */; };
		84FE82CA258C78D2001F3983 /* Alert.swift in Sources */ = {isa = PBXBuildFile; fileRef = 84FE82C9258C78D2001F3983 /* Alert.swift */; };
		84FF610A25B0497100BDE000 /* DispenriesSearchCell.swift in Sources */ = {isa = PBXBuildFile; fileRef = 84FF610925B0497100BDE000 /* DispenriesSearchCell.swift */; };
		84FF610C25B07A4600BDE000 /* ViewPriceVC.swift in Sources */ = {isa = PBXBuildFile; fileRef = 84FF610B25B07A4600BDE000 /* ViewPriceVC.swift */; };
		84FF610E25B0823100BDE000 /* ShawPrice.swift in Sources */ = {isa = PBXBuildFile; fileRef = 84FF610D25B0823100BDE000 /* ShawPrice.swift */; };
		84FF611025B082F600BDE000 /* ComparePriceCell.swift in Sources */ = {isa = PBXBuildFile; fileRef = 84FF610F25B082F600BDE000 /* ComparePriceCell.swift */; };
		BC388F4A296547A1006F4650 /* AgeAlertViewController.swift in Sources */ = {isa = PBXBuildFile; fileRef = BC388F49296547A1006F4650 /* AgeAlertViewController.swift */; };
/* End PBXBuildFile section */

/* Begin PBXFileReference section */
		2CAB61C2E9AA69536ABA5060 /* Pods-HEMPDAY.debug.xcconfig */ = {isa = PBXFileReference; includeInIndex = 1; lastKnownFileType = text.xcconfig; name = "Pods-HEMPDAY.debug.xcconfig"; path = "Target Support Files/Pods-HEMPDAY/Pods-HEMPDAY.debug.xcconfig"; sourceTree = "<group>"; };
		3359632F2932367BA9211C59 /* Pods_HEMPDAY.framework */ = {isa = PBXFileReference; explicitFileType = wrapper.framework; includeInIndex = 0; path = Pods_HEMPDAY.framework; sourceTree = BUILT_PRODUCTS_DIR; };
		8409C66725B58F5A005C1EBE /* Dispanseries.swift */ = {isa = PBXFileReference; lastKnownFileType = sourcecode.swift; path = Dispanseries.swift; sourceTree = "<group>"; };
		84156680258C6B19005F955F /* fetchJson.swift */ = {isa = PBXFileReference; lastKnownFileType = sourcecode.swift; path = fetchJson.swift; sourceTree = "<group>"; };
		84156682258C6B2B005F955F /* CheckNetwork.swift */ = {isa = PBXFileReference; lastKnownFileType = sourcecode.swift; path = CheckNetwork.swift; sourceTree = "<group>"; };
		84156684258C6B3C005F955F /* Api Constant.swift */ = {isa = PBXFileReference; lastKnownFileType = sourcecode.swift; path = "Api Constant.swift"; sourceTree = "<group>"; };
		84156686258C6B51005F955F /* Utility.swift */ = {isa = PBXFileReference; lastKnownFileType = sourcecode.swift; path = Utility.swift; sourceTree = "<group>"; };
		841B6F4825AF655000755C49 /* DispensariesMapVC.swift */ = {isa = PBXFileReference; lastKnownFileType = sourcecode.swift; path = DispensariesMapVC.swift; sourceTree = "<group>"; };
		84231CFC25AEF4130099DD76 /* Accelerate.framework */ = {isa = PBXFileReference; lastKnownFileType = wrapper.framework; name = Accelerate.framework; path = System/Library/Frameworks/Accelerate.framework; sourceTree = SDKROOT; };
		84231CFE25AEF4310099DD76 /* CoreBluetooth.framework */ = {isa = PBXFileReference; lastKnownFileType = wrapper.framework; name = CoreBluetooth.framework; path = System/Library/Frameworks/CoreBluetooth.framework; sourceTree = SDKROOT; };
		84231D0425AF1C410099DD76 /* ShawmeMoreVC.swift */ = {isa = PBXFileReference; lastKnownFileType = sourcecode.swift; path = ShawmeMoreVC.swift; sourceTree = "<group>"; };
		84231D0625AF1D2D0099DD76 /* shawmeMoreCell.swift */ = {isa = PBXFileReference; lastKnownFileType = sourcecode.swift; path = shawmeMoreCell.swift; sourceTree = "<group>"; };
		84231D0825AF28C70099DD76 /* viewMatches.swift */ = {isa = PBXFileReference; lastKnownFileType = sourcecode.swift; path = viewMatches.swift; sourceTree = "<group>"; };
		84278A3E2599CD0E00DB1BB7 /* ShawProductResultVC.swift */ = {isa = PBXFileReference; lastKnownFileType = sourcecode.swift; path = ShawProductResultVC.swift; sourceTree = "<group>"; };
		8437AFC7273266690062DDE0 /* DemoProductListVC.swift */ = {isa = PBXFileReference; lastKnownFileType = sourcecode.swift; path = DemoProductListVC.swift; sourceTree = "<group>"; };
		844B5A0F258CDA0D00C0CA4E /* HempMatchesVC.swift */ = {isa = PBXFileReference; lastKnownFileType = sourcecode.swift; path = HempMatchesVC.swift; sourceTree = "<group>"; };
		844B5A11258CDCCF00C0CA4E /* TakeQuizVC.swift */ = {isa = PBXFileReference; lastKnownFileType = sourcecode.swift; path = TakeQuizVC.swift; sourceTree = "<group>"; };
		844B5A13258CE09400C0CA4E /* QuizCell.swift */ = {isa = PBXFileReference; lastKnownFileType = sourcecode.swift; path = QuizCell.swift; sourceTree = "<group>"; };
		844B5A15258CF2D700C0CA4E /* HempMatcVC.swift */ = {isa = PBXFileReference; lastKnownFileType = sourcecode.swift; path = HempMatcVC.swift; sourceTree = "<group>"; };
		845537B625D69EA500618B1F /* DropdownCell.swift */ = {isa = PBXFileReference; lastKnownFileType = sourcecode.swift; path = DropdownCell.swift; sourceTree = "<group>"; };
		845537B825D70DE800618B1F /* WebKit.framework */ = {isa = PBXFileReference; lastKnownFileType = wrapper.framework; name = WebKit.framework; path = System/Library/Frameworks/WebKit.framework; sourceTree = SDKROOT; };
		846ADDD725DF9D3D002066ED /* ConnectCell.swift */ = {isa = PBXFileReference; lastKnownFileType = sourcecode.swift; path = ConnectCell.swift; sourceTree = "<group>"; };
		846ADDD825DF9D3D002066ED /* ConnectCell.xib */ = {isa = PBXFileReference; lastKnownFileType = file.xib; path = ConnectCell.xib; sourceTree = "<group>"; };
		846B3AEF2583AF2800556F69 /* HussarEkologiczne1-4Mj6.otf */ = {isa = PBXFileReference; lastKnownFileType = file; path = "HussarEkologiczne1-4Mj6.otf"; sourceTree = "<group>"; };
		846B3AF12583AF3E00556F69 /* Bristol.otf */ = {isa = PBXFileReference; lastKnownFileType = file; path = Bristol.otf; sourceTree = "<group>"; };
		84776C8826B00EDA007B3CB8 /* PickUpMapVC.swift */ = {isa = PBXFileReference; lastKnownFileType = sourcecode.swift; path = PickUpMapVC.swift; sourceTree = "<group>"; };
		847990E92594BE9500CF9CBA /* ResultVC.swift */ = {isa = PBXFileReference; lastKnownFileType = sourcecode.swift; path = ResultVC.swift; sourceTree = "<group>"; };
		847990ED2594CFF100CF9CBA /* fetchData.swift */ = {isa = PBXFileReference; lastKnownFileType = sourcecode.swift; path = fetchData.swift; sourceTree = "<group>"; };
		8479F54625922C5500DB130B /* HomeViewCell.swift */ = {isa = PBXFileReference; lastKnownFileType = sourcecode.swift; path = HomeViewCell.swift; sourceTree = "<group>"; };
		8479F5482592500C00DB130B /* QuizOptionCell.swift */ = {isa = PBXFileReference; lastKnownFileType = sourcecode.swift; path = QuizOptionCell.swift; sourceTree = "<group>"; };
		8479F54B25925E4500DB130B /* QuizQuestion.swift */ = {isa = PBXFileReference; lastKnownFileType = sourcecode.swift; path = QuizQuestion.swift; sourceTree = "<group>"; };
		847C2D1325934736007B6E1E /* ProfileVC.swift */ = {isa = PBXFileReference; lastKnownFileType = sourcecode.swift; path = ProfileVC.swift; sourceTree = "<group>"; };
		847C2D1525934750007B6E1E /* ChangePasswordVC.swift */ = {isa = PBXFileReference; lastKnownFileType = sourcecode.swift; path = ChangePasswordVC.swift; sourceTree = "<group>"; };
		847C2D1825935AD0007B6E1E /* DispensariesVC.swift */ = {isa = PBXFileReference; lastKnownFileType = sourcecode.swift; path = DispensariesVC.swift; sourceTree = "<group>"; };
		847C2D1B25935EBB007B6E1E /* HempDayVC.swift */ = {isa = PBXFileReference; lastKnownFileType = sourcecode.swift; path = HempDayVC.swift; sourceTree = "<group>"; };
		847C2D1D25936511007B6E1E /* DispensariesCell.swift */ = {isa = PBXFileReference; lastKnownFileType = sourcecode.swift; path = DispensariesCell.swift; sourceTree = "<group>"; };
		8480F4362732A1FC00BC1FBB /* DemoProductTableViewCell.swift */ = {isa = PBXFileReference; lastKnownFileType = sourcecode.swift; path = DemoProductTableViewCell.swift; sourceTree = "<group>"; };
		84811133259B408700D4FD26 /* ShareVC.swift */ = {isa = PBXFileReference; lastKnownFileType = sourcecode.swift; path = ShareVC.swift; sourceTree = "<group>"; };
		84811136259B5E7800D4FD26 /* MyHempDayVC.swift */ = {isa = PBXFileReference; lastKnownFileType = sourcecode.swift; path = MyHempDayVC.swift; sourceTree = "<group>"; };
		84844D1225829A3A00CE9E6B /* HEMPDAY.app */ = {isa = PBXFileReference; explicitFileType = wrapper.application; includeInIndex = 0; path = HEMPDAY.app; sourceTree = BUILT_PRODUCTS_DIR; };
		84844D1525829A3A00CE9E6B /* AppDelegate.swift */ = {isa = PBXFileReference; lastKnownFileType = sourcecode.swift; path = AppDelegate.swift; sourceTree = "<group>"; };
		84844D1725829A3A00CE9E6B /* SceneDelegate.swift */ = {isa = PBXFileReference; lastKnownFileType = sourcecode.swift; path = SceneDelegate.swift; sourceTree = "<group>"; };
		84844D1925829A3A00CE9E6B /* ViewController.swift */ = {isa = PBXFileReference; lastKnownFileType = sourcecode.swift; path = ViewController.swift; sourceTree = "<group>"; };
		84844D1C25829A3A00CE9E6B /* Base */ = {isa = PBXFileReference; lastKnownFileType = file.storyboard; name = Base; path = Base.lproj/Main.storyboard; sourceTree = "<group>"; };
		84844D1E25829A5400CE9E6B /* Assets.xcassets */ = {isa = PBXFileReference; lastKnownFileType = folder.assetcatalog; path = Assets.xcassets; sourceTree = "<group>"; };
		84844D2125829A5400CE9E6B /* Base */ = {isa = PBXFileReference; lastKnownFileType = file.storyboard; name = Base; path = Base.lproj/LaunchScreen.storyboard; sourceTree = "<group>"; };
		84844D2325829A5400CE9E6B /* Info.plist */ = {isa = PBXFileReference; lastKnownFileType = text.plist.xml; path = Info.plist; sourceTree = "<group>"; };
		84845D0F258CB5B0001347DD /* imageUpload.swift */ = {isa = PBXFileReference; lastKnownFileType = sourcecode.swift; path = imageUpload.swift; sourceTree = "<group>"; };
		8484E1E3258CA3DB000D5361 /* AgeVerifyVC.swift */ = {isa = PBXFileReference; lastKnownFileType = sourcecode.swift; path = AgeVerifyVC.swift; sourceTree = "<group>"; };
		84865921258398C2001504EB /* LoginVC.swift */ = {isa = PBXFileReference; lastKnownFileType = sourcecode.swift; path = LoginVC.swift; sourceTree = "<group>"; };
		84865923258398F0001504EB /* RegistrationVC.swift */ = {isa = PBXFileReference; lastKnownFileType = sourcecode.swift; path = RegistrationVC.swift; sourceTree = "<group>"; };
		8486592525839900001504EB /* HomeVC.swift */ = {isa = PBXFileReference; lastKnownFileType = sourcecode.swift; path = HomeVC.swift; sourceTree = "<group>"; };
		848875FB2732C98B000C5E13 /* SelectLocationVC.swift */ = {isa = PBXFileReference; lastKnownFileType = sourcecode.swift; path = SelectLocationVC.swift; sourceTree = "<group>"; };
		848875FD2732CA58000C5E13 /* SelectLocationTableViewCell.swift */ = {isa = PBXFileReference; lastKnownFileType = sourcecode.swift; path = SelectLocationTableViewCell.swift; sourceTree = "<group>"; };
		848875FF2732CF77000C5E13 /* SelectLocationModel.swift */ = {isa = PBXFileReference; lastKnownFileType = sourcecode.swift; path = SelectLocationModel.swift; sourceTree = "<group>"; };
		8489B4E1258B784D004BD9E2 /* CustomNavigationVC.swift */ = {isa = PBXFileReference; lastKnownFileType = sourcecode.swift; path = CustomNavigationVC.swift; sourceTree = "<group>"; };
		848FB98126A03E6300C00EA7 /* PriceRangeVC.swift */ = {isa = PBXFileReference; lastKnownFileType = sourcecode.swift; path = PriceRangeVC.swift; sourceTree = "<group>"; };
		848FB98326A0557800C00EA7 /* ShawProductell.swift */ = {isa = PBXFileReference; lastKnownFileType = sourcecode.swift; path = ShawProductell.swift; sourceTree = "<group>"; };
		848FB98526A05CFC00C00EA7 /* ShawProductModel.swift */ = {isa = PBXFileReference; lastKnownFileType = sourcecode.swift; path = ShawProductModel.swift; sourceTree = "<group>"; };
		8494931825D27EF300EB68DA /* DispensariesDetailsVC.swift */ = {isa = PBXFileReference; lastKnownFileType = sourcecode.swift; path = DispensariesDetailsVC.swift; sourceTree = "<group>"; };
		8494931A25D2815200EB68DA /* DispensariesDetailsell.swift */ = {isa = PBXFileReference; lastKnownFileType = sourcecode.swift; path = DispensariesDetailsell.swift; sourceTree = "<group>"; };
		8494931C25D283C900EB68DA /* MainpostData.swift */ = {isa = PBXFileReference; lastKnownFileType = sourcecode.swift; path = MainpostData.swift; sourceTree = "<group>"; };
		84974B9925A5B02000485127 /* PreviousMatchesVC.swift */ = {isa = PBXFileReference; lastKnownFileType = sourcecode.swift; path = PreviousMatchesVC.swift; sourceTree = "<group>"; };
		84974B9B25A5B50300485127 /* PreviousMatchesCell.swift */ = {isa = PBXFileReference; lastKnownFileType = sourcecode.swift; path = PreviousMatchesCell.swift; sourceTree = "<group>"; };
		84974B9D25A5B8F100485127 /* PreviousMatches.swift */ = {isa = PBXFileReference; lastKnownFileType = sourcecode.swift; path = PreviousMatches.swift; sourceTree = "<group>"; };
		849FEA4025B7421B0036D499 /* ReadMoreVC.swift */ = {isa = PBXFileReference; lastKnownFileType = sourcecode.swift; path = ReadMoreVC.swift; sourceTree = "<group>"; };
		84B7E83326986272007DDF66 /* FingerPaintRegular400.ttf */ = {isa = PBXFileReference; lastKnownFileType = file; path = FingerPaintRegular400.ttf; sourceTree = "<group>"; };
		84C1F989259D95C5003D350E /* PostData.swift */ = {isa = PBXFileReference; lastKnownFileType = sourcecode.swift; path = PostData.swift; sourceTree = "<group>"; };
		84ECE87A27326D9800E154F2 /* DemoProductModel.swift */ = {isa = PBXFileReference; lastKnownFileType = sourcecode.swift; path = DemoProductModel.swift; sourceTree = "<group>"; };
		84FE82C9258C78D2001F3983 /* Alert.swift */ = {isa = PBXFileReference; lastKnownFileType = sourcecode.swift; path = Alert.swift; sourceTree = "<group>"; };
		84FF610925B0497100BDE000 /* DispenriesSearchCell.swift */ = {isa = PBXFileReference; lastKnownFileType = sourcecode.swift; path = DispenriesSearchCell.swift; sourceTree = "<group>"; };
		84FF610B25B07A4600BDE000 /* ViewPriceVC.swift */ = {isa = PBXFileReference; lastKnownFileType = sourcecode.swift; path = ViewPriceVC.swift; sourceTree = "<group>"; };
		84FF610D25B0823100BDE000 /* ShawPrice.swift */ = {isa = PBXFileReference; lastKnownFileType = sourcecode.swift; path = ShawPrice.swift; sourceTree = "<group>"; };
		84FF610F25B082F600BDE000 /* ComparePriceCell.swift */ = {isa = PBXFileReference; lastKnownFileType = sourcecode.swift; path = ComparePriceCell.swift; sourceTree = "<group>"; };
		A377F21DEE7C7EF1B765C113 /* Pods-HEMPDAY.release.xcconfig */ = {isa = PBXFileReference; includeInIndex = 1; lastKnownFileType = text.xcconfig; name = "Pods-HEMPDAY.release.xcconfig"; path = "Target Support Files/Pods-HEMPDAY/Pods-HEMPDAY.release.xcconfig"; sourceTree = "<group>"; };
		BC388F49296547A1006F4650 /* AgeAlertViewController.swift */ = {isa = PBXFileReference; lastKnownFileType = sourcecode.swift; path = AgeAlertViewController.swift; sourceTree = "<group>"; };
/* End PBXFileReference section */

/* Begin PBXFrameworksBuildPhase section */
		84844D0F25829A3A00CE9E6B /* Frameworks */ = {
			isa = PBXFrameworksBuildPhase;
			buildActionMask = 2147483647;
			files = (
				845537B925D70DE800618B1F /* WebKit.framework in Frameworks */,
				0749FB51069975B60DE13C14 /* Pods_HEMPDAY.framework in Frameworks */,
			);
			runOnlyForDeploymentPostprocessing = 0;
		};
/* End PBXFrameworksBuildPhase section */

/* Begin PBXGroup section */
		77E5A622C4DDA14995AC70C1 /* Pods */ = {
			isa = PBXGroup;
			children = (
				2CAB61C2E9AA69536ABA5060 /* Pods-HEMPDAY.debug.xcconfig */,
				A377F21DEE7C7EF1B765C113 /* Pods-HEMPDAY.release.xcconfig */,
			);
			path = Pods;
			sourceTree = "<group>";
		};
		8415667F258C6AE1005F955F /* Extension */ = {
			isa = PBXGroup;
			children = (
				84FE82C9258C78D2001F3983 /* Alert.swift */,
				84156680258C6B19005F955F /* fetchJson.swift */,
				84156682258C6B2B005F955F /* CheckNetwork.swift */,
				84156684258C6B3C005F955F /* Api Constant.swift */,
				84156686258C6B51005F955F /* Utility.swift */,
				847990ED2594CFF100CF9CBA /* fetchData.swift */,
			);
			path = Extension;
			sourceTree = "<group>";
		};
		841B6F4725AF64F700755C49 /* dd */ = {
			isa = PBXGroup;
			children = (
			);
			path = dd;
			sourceTree = "<group>";
		};
		84231D0325AF1BCF0099DD76 /* ViewMatchesProduct */ = {
			isa = PBXGroup;
			children = (
				84231D0425AF1C410099DD76 /* ShawmeMoreVC.swift */,
			);
			path = ViewMatchesProduct;
			sourceTree = "<group>";
		};
		8437AFC6273265EC0062DDE0 /* DemoProductList */ = {
			isa = PBXGroup;
			children = (
				848875FA2732C940000C5E13 /* SelectLocation */,
				8437AFC7273266690062DDE0 /* DemoProductListVC.swift */,
				8480F4362732A1FC00BC1FBB /* DemoProductTableViewCell.swift */,
				84ECE87A27326D9800E154F2 /* DemoProductModel.swift */,
			);
			path = DemoProductList;
			sourceTree = "<group>";
		};
		846B3AEE2583AEC000556F69 /* UIFONT */ = {
			isa = PBXGroup;
			children = (
				846B3AF12583AF3E00556F69 /* Bristol.otf */,
				84B7E83326986272007DDF66 /* FingerPaintRegular400.ttf */,
				846B3AEF2583AF2800556F69 /* HussarEkologiczne1-4Mj6.otf */,
			);
			path = UIFONT;
			sourceTree = "<group>";
		};
		84776C8726B00EAE007B3CB8 /* PickUpMap */ = {
			isa = PBXGroup;
			children = (
				84776C8826B00EDA007B3CB8 /* PickUpMapVC.swift */,
			);
			path = PickUpMap;
			sourceTree = "<group>";
		};
		847990E82594BE6800CF9CBA /* ResultVC */ = {
			isa = PBXGroup;
			children = (
				84776C8726B00EAE007B3CB8 /* PickUpMap */,
				848FB98726A05D0100C00EA7 /* ShawProduct */,
				847990E92594BE9500CF9CBA /* ResultVC.swift */,
				84FF610B25B07A4600BDE000 /* ViewPriceVC.swift */,
			);
			path = ResultVC;
			sourceTree = "<group>";
		};
		8479F54525922C3500DB130B /* Cell */ = {
			isa = PBXGroup;
			children = (
				8479F54625922C5500DB130B /* HomeViewCell.swift */,
				8494931A25D2815200EB68DA /* DispensariesDetailsell.swift */,
				847C2D1D25936511007B6E1E /* DispensariesCell.swift */,
				844B5A13258CE09400C0CA4E /* QuizCell.swift */,
				8479F5482592500C00DB130B /* QuizOptionCell.swift */,
				84974B9B25A5B50300485127 /* PreviousMatchesCell.swift */,
				84231D0625AF1D2D0099DD76 /* shawmeMoreCell.swift */,
				84FF610925B0497100BDE000 /* DispenriesSearchCell.swift */,
				84FF610F25B082F600BDE000 /* ComparePriceCell.swift */,
			);
			path = Cell;
			sourceTree = "<group>";
		};
		8479F54A25925E2000DB130B /* Model */ = {
			isa = PBXGroup;
			children = (
				8479F54B25925E4500DB130B /* QuizQuestion.swift */,
				84974B9D25A5B8F100485127 /* PreviousMatches.swift */,
				84C1F989259D95C5003D350E /* PostData.swift */,
				84231D0825AF28C70099DD76 /* viewMatches.swift */,
				84FF610D25B0823100BDE000 /* ShawPrice.swift */,
				8409C66725B58F5A005C1EBE /* Dispanseries.swift */,
				8494931C25D283C900EB68DA /* MainpostData.swift */,
			);
			path = Model;
			sourceTree = "<group>";
		};
		847C2D0C2593466B007B6E1E /* Login&Registration */ = {
			isa = PBXGroup;
			children = (
				8484E1E3258CA3DB000D5361 /* AgeVerifyVC.swift */,
				84865921258398C2001504EB /* LoginVC.swift */,
				84865923258398F0001504EB /* RegistrationVC.swift */,
			);
			path = "Login&Registration";
			sourceTree = "<group>";
		};
		847C2D0D25934690007B6E1E /* Controller */ = {
			isa = PBXGroup;
			children = (
				BC388F4829654742006F4650 /* AgeAlert */,
				8437AFC6273265EC0062DDE0 /* DemoProductList */,
				841B6F4725AF64F700755C49 /* dd */,
				84231D0325AF1BCF0099DD76 /* ViewMatchesProduct */,
				84811135259B5E4C00D4FD26 /* MyHempDay */,
				84811132259B401800D4FD26 /* ShareVC */,
				847990E82594BE6800CF9CBA /* ResultVC */,
				847C2D1A25935E9E007B6E1E /* HempDayVC */,
				847C2D1725935A96007B6E1E /* DispensariesVC */,
				847C2D12259346FB007B6E1E /* ProfileVC */,
				847C2D11259346E4007B6E1E /* QuizVc */,
				847C2D10259346C1007B6E1E /* HempMates */,
				847C2D0F259346B3007B6E1E /* HempMatches */,
				847C2D0E259346A0007B6E1E /* HomeVc */,
				847C2D0C2593466B007B6E1E /* Login&Registration */,
			);
			path = Controller;
			sourceTree = "<group>";
		};
		847C2D0E259346A0007B6E1E /* HomeVc */ = {
			isa = PBXGroup;
			children = (
				8486592525839900001504EB /* HomeVC.swift */,
			);
			path = HomeVc;
			sourceTree = "<group>";
		};
		847C2D0F259346B3007B6E1E /* HempMatches */ = {
			isa = PBXGroup;
			children = (
				844B5A0F258CDA0D00C0CA4E /* HempMatchesVC.swift */,
				84974B9925A5B02000485127 /* PreviousMatchesVC.swift */,
			);
			path = HempMatches;
			sourceTree = "<group>";
		};
		847C2D10259346C1007B6E1E /* HempMates */ = {
			isa = PBXGroup;
			children = (
				844B5A15258CF2D700C0CA4E /* HempMatcVC.swift */,
			);
			path = HempMates;
			sourceTree = "<group>";
		};
		847C2D11259346E4007B6E1E /* QuizVc */ = {
			isa = PBXGroup;
			children = (
				844B5A11258CDCCF00C0CA4E /* TakeQuizVC.swift */,
				848FB98126A03E6300C00EA7 /* PriceRangeVC.swift */,
			);
			path = QuizVc;
			sourceTree = "<group>";
		};
		847C2D12259346FB007B6E1E /* ProfileVC */ = {
			isa = PBXGroup;
			children = (
				847C2D1325934736007B6E1E /* ProfileVC.swift */,
				847C2D1525934750007B6E1E /* ChangePasswordVC.swift */,
			);
			path = ProfileVC;
			sourceTree = "<group>";
		};
		847C2D1725935A96007B6E1E /* DispensariesVC */ = {
			isa = PBXGroup;
			children = (
				847C2D1825935AD0007B6E1E /* DispensariesVC.swift */,
				846ADDD725DF9D3D002066ED /* ConnectCell.swift */,
				846ADDD825DF9D3D002066ED /* ConnectCell.xib */,
				845537B625D69EA500618B1F /* DropdownCell.swift */,
				8494931825D27EF300EB68DA /* DispensariesDetailsVC.swift */,
				841B6F4825AF655000755C49 /* DispensariesMapVC.swift */,
				849FEA4025B7421B0036D499 /* ReadMoreVC.swift */,
			);
			path = DispensariesVC;
			sourceTree = "<group>";
		};
		847C2D1A25935E9E007B6E1E /* HempDayVC */ = {
			isa = PBXGroup;
			children = (
				847C2D1B25935EBB007B6E1E /* HempDayVC.swift */,
			);
			path = HempDayVC;
			sourceTree = "<group>";
		};
		84811132259B401800D4FD26 /* ShareVC */ = {
			isa = PBXGroup;
			children = (
				84811133259B408700D4FD26 /* ShareVC.swift */,
			);
			path = ShareVC;
			sourceTree = "<group>";
		};
		84811135259B5E4C00D4FD26 /* MyHempDay */ = {
			isa = PBXGroup;
			children = (
				84811136259B5E7800D4FD26 /* MyHempDayVC.swift */,
			);
			path = MyHempDay;
			sourceTree = "<group>";
		};
		84844D0925829A3A00CE9E6B = {
			isa = PBXGroup;
			children = (
				84844D1425829A3A00CE9E6B /* HEMPDAY */,
				84844D1325829A3A00CE9E6B /* Products */,
				77E5A622C4DDA14995AC70C1 /* Pods */,
				C0415B49B2EB183E7F2E6BDB /* Frameworks */,
			);
			sourceTree = "<group>";
		};
		84844D1325829A3A00CE9E6B /* Products */ = {
			isa = PBXGroup;
			children = (
				84844D1225829A3A00CE9E6B /* HEMPDAY.app */,
			);
			name = Products;
			sourceTree = "<group>";
		};
		84844D1425829A3A00CE9E6B /* HEMPDAY */ = {
			isa = PBXGroup;
			children = (
				8479F54A25925E2000DB130B /* Model */,
				84845D0E258CB57B001347DD /* UploadImage */,
				846B3AEE2583AEC000556F69 /* UIFONT */,
				8479F54525922C3500DB130B /* Cell */,
				847C2D0D25934690007B6E1E /* Controller */,
				84844D1525829A3A00CE9E6B /* AppDelegate.swift */,
				84844D1725829A3A00CE9E6B /* SceneDelegate.swift */,
				84844D1925829A3A00CE9E6B /* ViewController.swift */,
				8489B4E1258B784D004BD9E2 /* CustomNavigationVC.swift */,
				84844D1B25829A3A00CE9E6B /* Main.storyboard */,
				84844D1E25829A5400CE9E6B /* Assets.xcassets */,
				84844D2025829A5400CE9E6B /* LaunchScreen.storyboard */,
				84844D2325829A5400CE9E6B /* Info.plist */,
				8415667F258C6AE1005F955F /* Extension */,
			);
			path = HEMPDAY;
			sourceTree = "<group>";
		};
		84845D0E258CB57B001347DD /* UploadImage */ = {
			isa = PBXGroup;
			children = (
				84845D0F258CB5B0001347DD /* imageUpload.swift */,
			);
			path = UploadImage;
			sourceTree = "<group>";
		};
		848875FA2732C940000C5E13 /* SelectLocation */ = {
			isa = PBXGroup;
			children = (
				848875FB2732C98B000C5E13 /* SelectLocationVC.swift */,
				848875FF2732CF77000C5E13 /* SelectLocationModel.swift */,
				848875FD2732CA58000C5E13 /* SelectLocationTableViewCell.swift */,
			);
			path = SelectLocation;
			sourceTree = "<group>";
		};
		848FB98726A05D0100C00EA7 /* ShawProduct */ = {
			isa = PBXGroup;
			children = (
				84278A3E2599CD0E00DB1BB7 /* ShawProductResultVC.swift */,
				848FB98526A05CFC00C00EA7 /* ShawProductModel.swift */,
				848FB98326A0557800C00EA7 /* ShawProductell.swift */,
			);
			path = ShawProduct;
			sourceTree = "<group>";
		};
		BC388F4829654742006F4650 /* AgeAlert */ = {
			isa = PBXGroup;
			children = (
				BC388F49296547A1006F4650 /* AgeAlertViewController.swift */,
			);
			path = AgeAlert;
			sourceTree = "<group>";
		};
		C0415B49B2EB183E7F2E6BDB /* Frameworks */ = {
			isa = PBXGroup;
			children = (
				845537B825D70DE800618B1F /* WebKit.framework */,
				84231CFE25AEF4310099DD76 /* CoreBluetooth.framework */,
				84231CFC25AEF4130099DD76 /* Accelerate.framework */,
				3359632F2932367BA9211C59 /* Pods_HEMPDAY.framework */,
			);
			name = Frameworks;
			sourceTree = "<group>";
		};
/* End PBXGroup section */

/* Begin PBXNativeTarget section */
		84844D1125829A3A00CE9E6B /* HEMPDAY */ = {
			isa = PBXNativeTarget;
			buildConfigurationList = 84844D2625829A5400CE9E6B /* Build configuration list for PBXNativeTarget "HEMPDAY" */;
			buildPhases = (
				0B7FB6C872605D3C31F0399F /* [CP] Check Pods Manifest.lock */,
				84844D0E25829A3A00CE9E6B /* Sources */,
				84844D0F25829A3A00CE9E6B /* Frameworks */,
				84844D1025829A3A00CE9E6B /* Resources */,
				BD5C90A0B35E9EFE5B9F42A2 /* [CP] Embed Pods Frameworks */,
			);
			buildRules = (
			);
			dependencies = (
			);
			name = HEMPDAY;
			productName = HEMPDAY;
			productReference = 84844D1225829A3A00CE9E6B /* HEMPDAY.app */;
			productType = "com.apple.product-type.application";
		};
/* End PBXNativeTarget section */

/* Begin PBXProject section */
		84844D0A25829A3A00CE9E6B /* Project object */ = {
			isa = PBXProject;
			attributes = {
				LastSwiftUpdateCheck = 1130;
				LastUpgradeCheck = 1130;
				ORGANIZATIONNAME = Chandradip;
				TargetAttributes = {
					84844D1125829A3A00CE9E6B = {
						CreatedOnToolsVersion = 11.3;
					};
				};
			};
			buildConfigurationList = 84844D0D25829A3A00CE9E6B /* Build configuration list for PBXProject "HEMPDAY" */;
			compatibilityVersion = "Xcode 9.3";
			developmentRegion = en;
			hasScannedForEncodings = 0;
			knownRegions = (
				en,
				Base,
			);
			mainGroup = 84844D0925829A3A00CE9E6B;
			productRefGroup = 84844D1325829A3A00CE9E6B /* Products */;
			projectDirPath = "";
			projectRoot = "";
			targets = (
				84844D1125829A3A00CE9E6B /* HEMPDAY */,
			);
		};
/* End PBXProject section */

/* Begin PBXResourcesBuildPhase section */
		84844D1025829A3A00CE9E6B /* Resources */ = {
			isa = PBXResourcesBuildPhase;
			buildActionMask = 2147483647;
			files = (
				84B7E83426986273007DDF66 /* FingerPaintRegular400.ttf in Resources */,
				846ADDDA25DF9D3D002066ED /* ConnectCell.xib in Resources */,
				84844D2225829A5400CE9E6B /* LaunchScreen.storyboard in Resources */,
				84844D1F25829A5400CE9E6B /* Assets.xcassets in Resources */,
				846B3AF02583AF2800556F69 /* HussarEkologiczne1-4Mj6.otf in Resources */,
				84844D1D25829A3A00CE9E6B /* Main.storyboard in Resources */,
				846B3AF22583AF3E00556F69 /* Bristol.otf in Resources */,
			);
			runOnlyForDeploymentPostprocessing = 0;
		};
/* End PBXResourcesBuildPhase section */

/* Begin PBXShellScriptBuildPhase section */
		0B7FB6C872605D3C31F0399F /* [CP] Check Pods Manifest.lock */ = {
			isa = PBXShellScriptBuildPhase;
			buildActionMask = 2147483647;
			files = (
			);
			inputFileListPaths = (
			);
			inputPaths = (
				"${PODS_PODFILE_DIR_PATH}/Podfile.lock",
				"${PODS_ROOT}/Manifest.lock",
			);
			name = "[CP] Check Pods Manifest.lock";
			outputFileListPaths = (
			);
			outputPaths = (
				"$(DERIVED_FILE_DIR)/Pods-HEMPDAY-checkManifestLockResult.txt",
			);
			runOnlyForDeploymentPostprocessing = 0;
			shellPath = /bin/sh;
			shellScript = "diff \"${PODS_PODFILE_DIR_PATH}/Podfile.lock\" \"${PODS_ROOT}/Manifest.lock\" > /dev/null\nif [ $? != 0 ] ; then\n    # print error to STDERR\n    echo \"error: The sandbox is not in sync with the Podfile.lock. Run 'pod install' or update your CocoaPods installation.\" >&2\n    exit 1\nfi\n# This output is used by Xcode 'outputs' to avoid re-running this script phase.\necho \"SUCCESS\" > \"${SCRIPT_OUTPUT_FILE_0}\"\n";
			showEnvVarsInLog = 0;
		};
		BD5C90A0B35E9EFE5B9F42A2 /* [CP] Embed Pods Frameworks */ = {
			isa = PBXShellScriptBuildPhase;
			buildActionMask = 2147483647;
			files = (
			);
			inputFileListPaths = (
				"${PODS_ROOT}/Target Support Files/Pods-HEMPDAY/Pods-HEMPDAY-frameworks-${CONFIGURATION}-input-files.xcfilelist",
			);
			name = "[CP] Embed Pods Frameworks";
			outputFileListPaths = (
				"${PODS_ROOT}/Target Support Files/Pods-HEMPDAY/Pods-HEMPDAY-frameworks-${CONFIGURATION}-output-files.xcfilelist",
			);
			runOnlyForDeploymentPostprocessing = 0;
			shellPath = /bin/sh;
			shellScript = "\"${PODS_ROOT}/Target Support Files/Pods-HEMPDAY/Pods-HEMPDAY-frameworks.sh\"\n";
			showEnvVarsInLog = 0;
		};
/* End PBXShellScriptBuildPhase section */

/* Begin PBXSourcesBuildPhase section */
		84844D0E25829A3A00CE9E6B /* Sources */ = {
			isa = PBXSourcesBuildPhase;
			buildActionMask = 2147483647;
			files = (
				84ECE87B27326D9800E154F2 /* DemoProductModel.swift in Sources */,
				84974B9C25A5B50300485127 /* PreviousMatchesCell.swift in Sources */,
				84156683258C6B2B005F955F /* CheckNetwork.swift in Sources */,
				84231D0525AF1C410099DD76 /* ShawmeMoreVC.swift in Sources */,
				84844D1A25829A3A00CE9E6B /* ViewController.swift in Sources */,
				848FB98426A0557800C00EA7 /* ShawProductell.swift in Sources */,
				848FB98626A05CFC00C00EA7 /* ShawProductModel.swift in Sources */,
				847990EE2594CFF100CF9CBA /* fetchData.swift in Sources */,
				84231D0725AF1D2D0099DD76 /* shawmeMoreCell.swift in Sources */,
				84278A3F2599CD0E00DB1BB7 /* ShawProductResultVC.swift in Sources */,
				844B5A12258CDCCF00C0CA4E /* TakeQuizVC.swift in Sources */,
				84231D0925AF28C70099DD76 /* viewMatches.swift in Sources */,
				84FF610C25B07A4600BDE000 /* ViewPriceVC.swift in Sources */,
				849FEA4125B7421B0036D499 /* ReadMoreVC.swift in Sources */,
				84844D1625829A3A00CE9E6B /* AppDelegate.swift in Sources */,
				84156687258C6B51005F955F /* Utility.swift in Sources */,
				84FF611025B082F600BDE000 /* ComparePriceCell.swift in Sources */,
				848875FE2732CA58000C5E13 /* SelectLocationTableViewCell.swift in Sources */,
				84156685258C6B3C005F955F /* Api Constant.swift in Sources */,
				8479F54725922C5500DB130B /* HomeViewCell.swift in Sources */,
				8480F4372732A1FC00BC1FBB /* DemoProductTableViewCell.swift in Sources */,
				84C1F98A259D95C5003D350E /* PostData.swift in Sources */,
				844B5A14258CE09400C0CA4E /* QuizCell.swift in Sources */,
				8494931D25D283C900EB68DA /* MainpostData.swift in Sources */,
				84865922258398C2001504EB /* LoginVC.swift in Sources */,
				8479F54C25925E4500DB130B /* QuizQuestion.swift in Sources */,
				84845D10258CB5B0001347DD /* imageUpload.swift in Sources */,
				84FE82CA258C78D2001F3983 /* Alert.swift in Sources */,
				84811134259B408700D4FD26 /* ShareVC.swift in Sources */,
				8484E1E4258CA3DB000D5361 /* AgeVerifyVC.swift in Sources */,
				844B5A16258CF2D700C0CA4E /* HempMatcVC.swift in Sources */,
				845537B725D69EA500618B1F /* DropdownCell.swift in Sources */,
				847C2D1625934750007B6E1E /* ChangePasswordVC.swift in Sources */,
				8479F5492592500C00DB130B /* QuizOptionCell.swift in Sources */,
				84974B9E25A5B8F100485127 /* PreviousMatches.swift in Sources */,
				84FF610A25B0497100BDE000 /* DispenriesSearchCell.swift in Sources */,
				848875FC2732C98B000C5E13 /* SelectLocationVC.swift in Sources */,
				84776C8926B00EDA007B3CB8 /* PickUpMapVC.swift in Sources */,
				847990EA2594BE9500CF9CBA /* ResultVC.swift in Sources */,
				84FF610E25B0823100BDE000 /* ShawPrice.swift in Sources */,
				8486592625839900001504EB /* HomeVC.swift in Sources */,
				8409C66825B58F5A005C1EBE /* Dispanseries.swift in Sources */,
				848876002732CF77000C5E13 /* SelectLocationModel.swift in Sources */,
				8489B4E2258B784D004BD9E2 /* CustomNavigationVC.swift in Sources */,
				847C2D1925935AD0007B6E1E /* DispensariesVC.swift in Sources */,
				BC388F4A296547A1006F4650 /* AgeAlertViewController.swift in Sources */,
				84865924258398F0001504EB /* RegistrationVC.swift in Sources */,
				8494931B25D2815200EB68DA /* DispensariesDetailsell.swift in Sources */,
				844B5A10258CDA0D00C0CA4E /* HempMatchesVC.swift in Sources */,
				846ADDD925DF9D3D002066ED /* ConnectCell.swift in Sources */,
				8494931925D27EF300EB68DA /* DispensariesDetailsVC.swift in Sources */,
				8437AFC8273266690062DDE0 /* DemoProductListVC.swift in Sources */,
				84156681258C6B19005F955F /* fetchJson.swift in Sources */,
				847C2D1425934736007B6E1E /* ProfileVC.swift in Sources */,
				847C2D1E25936511007B6E1E /* DispensariesCell.swift in Sources */,
				84811137259B5E7800D4FD26 /* MyHempDayVC.swift in Sources */,
				847C2D1C25935EBB007B6E1E /* HempDayVC.swift in Sources */,
				84974B9A25A5B02000485127 /* PreviousMatchesVC.swift in Sources */,
				841B6F4925AF655000755C49 /* DispensariesMapVC.swift in Sources */,
				848FB98226A03E6300C00EA7 /* PriceRangeVC.swift in Sources */,
				84844D1825829A3A00CE9E6B /* SceneDelegate.swift in Sources */,
			);
			runOnlyForDeploymentPostprocessing = 0;
		};
/* End PBXSourcesBuildPhase section */

/* Begin PBXVariantGroup section */
		84844D1B25829A3A00CE9E6B /* Main.storyboard */ = {
			isa = PBXVariantGroup;
			children = (
				84844D1C25829A3A00CE9E6B /* Base */,
			);
			name = Main.storyboard;
			sourceTree = "<group>";
		};
		84844D2025829A5400CE9E6B /* LaunchScreen.storyboard */ = {
			isa = PBXVariantGroup;
			children = (
				84844D2125829A5400CE9E6B /* Base */,
			);
			name = LaunchScreen.storyboard;
			sourceTree = "<group>";
		};
/* End PBXVariantGroup section */

/* Begin XCBuildConfiguration section */
		84844D2425829A5400CE9E6B /* Debug */ = {
			isa = XCBuildConfiguration;
			buildSettings = {
				ALWAYS_SEARCH_USER_PATHS = NO;
				CLANG_ANALYZER_NONNULL = YES;
				CLANG_ANALYZER_NUMBER_OBJECT_CONVERSION = YES_AGGRESSIVE;
				CLANG_CXX_LANGUAGE_STANDARD = "gnu++14";
				CLANG_CXX_LIBRARY = "libc++";
				CLANG_ENABLE_MODULES = YES;
				CLANG_ENABLE_OBJC_ARC = YES;
				CLANG_ENABLE_OBJC_WEAK = YES;
				CLANG_WARN_BLOCK_CAPTURE_AUTORELEASING = YES;
				CLANG_WARN_BOOL_CONVERSION = YES;
				CLANG_WARN_COMMA = YES;
				CLANG_WARN_CONSTANT_CONVERSION = YES;
				CLANG_WARN_DEPRECATED_OBJC_IMPLEMENTATIONS = YES;
				CLANG_WARN_DIRECT_OBJC_ISA_USAGE = YES_ERROR;
				CLANG_WARN_DOCUMENTATION_COMMENTS = YES;
				CLANG_WARN_EMPTY_BODY = YES;
				CLANG_WARN_ENUM_CONVERSION = YES;
				CLANG_WARN_INFINITE_RECURSION = YES;
				CLANG_WARN_INT_CONVERSION = YES;
				CLANG_WARN_NON_LITERAL_NULL_CONVERSION = YES;
				CLANG_WARN_OBJC_IMPLICIT_RETAIN_SELF = YES;
				CLANG_WARN_OBJC_LITERAL_CONVERSION = YES;
				CLANG_WARN_OBJC_ROOT_CLASS = YES_ERROR;
				CLANG_WARN_RANGE_LOOP_ANALYSIS = YES;
				CLANG_WARN_STRICT_PROTOTYPES = YES;
				CLANG_WARN_SUSPICIOUS_MOVE = YES;
				CLANG_WARN_UNGUARDED_AVAILABILITY = YES_AGGRESSIVE;
				CLANG_WARN_UNREACHABLE_CODE = YES;
				CLANG_WARN__DUPLICATE_METHOD_MATCH = YES;
				COPY_PHASE_STRIP = NO;
				DEBUG_INFORMATION_FORMAT = dwarf;
				ENABLE_STRICT_OBJC_MSGSEND = YES;
				ENABLE_TESTABILITY = YES;
				GCC_C_LANGUAGE_STANDARD = gnu11;
				GCC_DYNAMIC_NO_PIC = NO;
				GCC_NO_COMMON_BLOCKS = YES;
				GCC_OPTIMIZATION_LEVEL = 0;
				GCC_PREPROCESSOR_DEFINITIONS = (
					"DEBUG=1",
					"$(inherited)",
				);
				GCC_WARN_64_TO_32_BIT_CONVERSION = YES;
				GCC_WARN_ABOUT_RETURN_TYPE = YES_ERROR;
				GCC_WARN_UNDECLARED_SELECTOR = YES;
				GCC_WARN_UNINITIALIZED_AUTOS = YES_AGGRESSIVE;
				GCC_WARN_UNUSED_FUNCTION = YES;
				GCC_WARN_UNUSED_VARIABLE = YES;
				IPHONEOS_DEPLOYMENT_TARGET = 13.2;
				MTL_ENABLE_DEBUG_INFO = INCLUDE_SOURCE;
				MTL_FAST_MATH = YES;
				ONLY_ACTIVE_ARCH = YES;
				SDKROOT = iphoneos;
				SWIFT_ACTIVE_COMPILATION_CONDITIONS = DEBUG;
				SWIFT_OPTIMIZATION_LEVEL = "-Onone";
			};
			name = Debug;
		};
		84844D2525829A5400CE9E6B /* Release */ = {
			isa = XCBuildConfiguration;
			buildSettings = {
				ALWAYS_SEARCH_USER_PATHS = NO;
				CLANG_ANALYZER_NONNULL = YES;
				CLANG_ANALYZER_NUMBER_OBJECT_CONVERSION = YES_AGGRESSIVE;
				CLANG_CXX_LANGUAGE_STANDARD = "gnu++14";
				CLANG_CXX_LIBRARY = "libc++";
				CLANG_ENABLE_MODULES = YES;
				CLANG_ENABLE_OBJC_ARC = YES;
				CLANG_ENABLE_OBJC_WEAK = YES;
				CLANG_WARN_BLOCK_CAPTURE_AUTORELEASING = YES;
				CLANG_WARN_BOOL_CONVERSION = YES;
				CLANG_WARN_COMMA = YES;
				CLANG_WARN_CONSTANT_CONVERSION = YES;
				CLANG_WARN_DEPRECATED_OBJC_IMPLEMENTATIONS = YES;
				CLANG_WARN_DIRECT_OBJC_ISA_USAGE = YES_ERROR;
				CLANG_WARN_DOCUMENTATION_COMMENTS = YES;
				CLANG_WARN_EMPTY_BODY = YES;
				CLANG_WARN_ENUM_CONVERSION = YES;
				CLANG_WARN_INFINITE_RECURSION = YES;
				CLANG_WARN_INT_CONVERSION = YES;
				CLANG_WARN_NON_LITERAL_NULL_CONVERSION = YES;
				CLANG_WARN_OBJC_IMPLICIT_RETAIN_SELF = YES;
				CLANG_WARN_OBJC_LITERAL_CONVERSION = YES;
				CLANG_WARN_OBJC_ROOT_CLASS = YES_ERROR;
				CLANG_WARN_RANGE_LOOP_ANALYSIS = YES;
				CLANG_WARN_STRICT_PROTOTYPES = YES;
				CLANG_WARN_SUSPICIOUS_MOVE = YES;
				CLANG_WARN_UNGUARDED_AVAILABILITY = YES_AGGRESSIVE;
				CLANG_WARN_UNREACHABLE_CODE = YES;
				CLANG_WARN__DUPLICATE_METHOD_MATCH = YES;
				COPY_PHASE_STRIP = NO;
				DEBUG_INFORMATION_FORMAT = "dwarf-with-dsym";
				ENABLE_NS_ASSERTIONS = NO;
				ENABLE_STRICT_OBJC_MSGSEND = YES;
				GCC_C_LANGUAGE_STANDARD = gnu11;
				GCC_NO_COMMON_BLOCKS = YES;
				GCC_WARN_64_TO_32_BIT_CONVERSION = YES;
				GCC_WARN_ABOUT_RETURN_TYPE = YES_ERROR;
				GCC_WARN_UNDECLARED_SELECTOR = YES;
				GCC_WARN_UNINITIALIZED_AUTOS = YES_AGGRESSIVE;
				GCC_WARN_UNUSED_FUNCTION = YES;
				GCC_WARN_UNUSED_VARIABLE = YES;
				IPHONEOS_DEPLOYMENT_TARGET = 13.2;
				MTL_ENABLE_DEBUG_INFO = NO;
				MTL_FAST_MATH = YES;
				SDKROOT = iphoneos;
				SWIFT_COMPILATION_MODE = wholemodule;
				SWIFT_OPTIMIZATION_LEVEL = "-O";
				VALIDATE_PRODUCT = YES;
			};
			name = Release;
		};
		84844D2725829A5400CE9E6B /* Debug */ = {
			isa = XCBuildConfiguration;
			baseConfigurationReference = 2CAB61C2E9AA69536ABA5060 /* Pods-HEMPDAY.debug.xcconfig */;
			buildSettings = {
				ARCHS = "$(ARCHS_STANDARD)";
				ASSETCATALOG_COMPILER_APPICON_NAME = AppIcon;
				CODE_SIGN_IDENTITY = "Apple Distribution: Wednesday Inc. (4FC95QT5R3)";
				CODE_SIGN_INJECT_BASE_ENTITLEMENTS = YES;
				CODE_SIGN_STYLE = Manual;
				DEVELOPMENT_TEAM = 4FC95QT5R3;
				ENABLE_BITCODE = NO;
				EXCLUDED_ARCHS = "";
				INFOPLIST_FILE = HEMPDAY/Info.plist;
				IPHONEOS_DEPLOYMENT_TARGET = 13.0;
				LD_RUNPATH_SEARCH_PATHS = (
					"$(inherited)",
					"@executable_path/Frameworks",
				);
				MARKETING_VERSION = 9.8;
				ONLY_ACTIVE_ARCH = YES;
				PRODUCT_BUNDLE_IDENTIFIER = com.org.hempday;
				PRODUCT_NAME = "$(TARGET_NAME)";
				PROVISIONING_PROFILE_SPECIFIER = hempDayTest;
				SWIFT_REFLECTION_METADATA_LEVEL = all;
				SWIFT_VERSION = 5.0;
				TARGETED_DEVICE_FAMILY = 1;
				VALID_ARCHS = "armv7 armv7s arm64e arm64";
			};
			name = Debug;
		};
		84844D2825829A5400CE9E6B /* Release */ = {
			isa = XCBuildConfiguration;
			baseConfigurationReference = A377F21DEE7C7EF1B765C113 /* Pods-HEMPDAY.release.xcconfig */;
			buildSettings = {
				ARCHS = "$(ARCHS_STANDARD)";
				ASSETCATALOG_COMPILER_APPICON_NAME = AppIcon;
				CODE_SIGN_IDENTITY = "Apple Distribution: Wednesday Inc. (4FC95QT5R3)";
				CODE_SIGN_INJECT_BASE_ENTITLEMENTS = YES;
				CODE_SIGN_STYLE = Manual;
				DEVELOPMENT_TEAM = 4FC95QT5R3;
				ENABLE_BITCODE = NO;
				EXCLUDED_ARCHS = "";
				INFOPLIST_FILE = HEMPDAY/Info.plist;
				IPHONEOS_DEPLOYMENT_TARGET = 13.0;
				LD_RUNPATH_SEARCH_PATHS = (
					"$(inherited)",
					"@executable_path/Frameworks",
				);
				MARKETING_VERSION = 9.8;
				PRODUCT_BUNDLE_IDENTIFIER = com.org.hempday;
				PRODUCT_NAME = "$(TARGET_NAME)";
				PROVISIONING_PROFILE_SPECIFIER = hempDayTest;
				SWIFT_REFLECTION_METADATA_LEVEL = all;
				SWIFT_VERSION = 5.0;
				TARGETED_DEVICE_FAMILY = 1;
				VALID_ARCHS = "armv7 armv7s arm64e arm64";
			};
			name = Release;
		};
/* End XCBuildConfiguration section */

/* Begin XCConfigurationList section */
		84844D0D25829A3A00CE9E6B /* Build configuration list for PBXProject "HEMPDAY" */ = {
			isa = XCConfigurationList;
			buildConfigurations = (
				84844D2425829A5400CE9E6B /* Debug */,
				84844D2525829A5400CE9E6B /* Release */,
			);
			defaultConfigurationIsVisible = 0;
			defaultConfigurationName = Release;
		};
		84844D2625829A5400CE9E6B /* Build configuration list for PBXNativeTarget "HEMPDAY" */ = {
			isa = XCConfigurationList;
			buildConfigurations = (
				84844D2725829A5400CE9E6B /* Debug */,
				84844D2825829A5400CE9E6B /* Release */,
			);
			defaultConfigurationIsVisible = 0;
			defaultConfigurationName = Release;
		};
/* End XCConfigurationList section */
	};
	rootObject = 84844D0A25829A3A00CE9E6B /* Project object */;
}
